
Microsoft Visual Studio Solution File, Format Version 12.00
# Visual Studio 14
VisualStudioVersion = 14.0.25123.0
MinimumVisualStudioVersion = 10.0.40219.1
Project("{FAE04EC0-301F-11D3-BF4B-00C04F79EFBC}") = "App2.Droid", "App2\App2.Droid\App2.Droid.csproj", "{872ABB71-8196-4C4C-B257-5D4B32B69E6A}"
EndProject
Project("{FAE04EC0-301F-11D3-BF4B-00C04F79EFBC}") = "App2.iOS", "App2\App2.iOS\App2.iOS.csproj", "{EED1630A-55AC-42F5-BC60-DBAEC998B016}"
EndProject
Project("{FAE04EC0-301F-11D3-BF4B-00C04F79EFBC}") = "App2.WinPhone", "App2\App2.WinPhone\App2.WinPhone.csproj", "{9A67D14C-0508-4A78-A646-63C85D8CB481}"
EndProject
Project("{FAE04EC0-301F-11D3-BF4B-00C04F79EFBC}") = "App2", "App2\App2\App2.csproj", "{ADB92856-7C8B-4A11-AA48-A7F78752D417}"
EndProject
Global
	GlobalSection(SolutionConfigurationPlatforms) = preSolution
		Ad-Hoc|Any CPU = Ad-Hoc|Any CPU
		Ad-Hoc|ARM = Ad-Hoc|ARM
		Ad-Hoc|iPhone = Ad-Hoc|iPhone
		Ad-Hoc|iPhoneSimulator = Ad-Hoc|iPhoneSimulator
		Ad-Hoc|x64 = Ad-Hoc|x64
		Ad-Hoc|x86 = Ad-Hoc|x86
		AppStore|Any CPU = AppStore|Any CPU
		AppStore|ARM = AppStore|ARM
		AppStore|iPhone = AppStore|iPhone
		AppStore|iPhoneSimulator = AppStore|iPhoneSimulator
		AppStore|x64 = AppStore|x64
		AppStore|x86 = AppStore|x86
		Debug|Any CPU = Debug|Any CPU
		Debug|ARM = Debug|ARM
		Debug|iPhone = Debug|iPhone
		Debug|iPhoneSimulator = Debug|iPhoneSimulator
		Debug|x64 = Debug|x64
		Debug|x86 = Debug|x86
		Release|Any CPU = Release|Any CPU
		Release|ARM = Release|ARM
		Release|iPhone = Release|iPhone
		Release|iPhoneSimulator = Release|iPhoneSimulator
		Release|x64 = Release|x64
		Release|x86 = Release|x86
	EndGlobalSection
	GlobalSection(ProjectConfigurationPlatforms) = postSolution
		{872ABB71-8196-4C4C-B257-5D4B32B69E6A}.Ad-Hoc|Any CPU.ActiveCfg = Release|Any CPU
		{872ABB71-8196-4C4C-B257-5D4B32B69E6A}.Ad-Hoc|Any CPU.Build.0 = Release|Any CPU
		{872ABB71-8196-4C4C-B257-5D4B32B69E6A}.Ad-Hoc|Any CPU.Deploy.0 = Release|Any CPU
		{872ABB71-8196-4C4C-B257-5D4B32B69E6A}.Ad-Hoc|ARM.ActiveCfg = Release|Any CPU
		{872ABB71-8196-4C4C-B257-5D4B32B69E6A}.Ad-Hoc|ARM.Build.0 = Release|Any CPU
		{872ABB71-8196-4C4C-B257-5D4B32B69E6A}.Ad-Hoc|ARM.Deploy.0 = Release|Any CPU
		{872ABB71-8196-4C4C-B257-5D4B32B69E6A}.Ad-Hoc|iPhone.ActiveCfg = Release|Any CPU
		{872ABB71-8196-4C4C-B257-5D4B32B69E6A}.Ad-Hoc|iPhone.Build.0 = Release|Any CPU
		{872ABB71-8196-4C4C-B257-5D4B32B69E6A}.Ad-Hoc|iPhone.Deploy.0 = Release|Any CPU
		{872ABB71-8196-4C4C-B257-5D4B32B69E6A}.Ad-Hoc|iPhoneSimulator.ActiveCfg = Release|Any CPU
		{872ABB71-8196-4C4C-B257-5D4B32B69E6A}.Ad-Hoc|iPhoneSimulator.Build.0 = Release|Any CPU
		{872ABB71-8196-4C4C-B257-5D4B32B69E6A}.Ad-Hoc|iPhoneSimulator.Deploy.0 = Release|Any CPU
		{872ABB71-8196-4C4C-B257-5D4B32B69E6A}.Ad-Hoc|x64.ActiveCfg = Release|Any CPU
		{872ABB71-8196-4C4C-B257-5D4B32B69E6A}.Ad-Hoc|x64.Build.0 = Release|Any CPU
		{872ABB71-8196-4C4C-B257-5D4B32B69E6A}.Ad-Hoc|x64.Deploy.0 = Release|Any CPU
		{872ABB71-8196-4C4C-B257-5D4B32B69E6A}.Ad-Hoc|x86.ActiveCfg = Release|Any CPU
		{872ABB71-8196-4C4C-B257-5D4B32B69E6A}.Ad-Hoc|x86.Build.0 = Release|Any CPU
		{872ABB71-8196-4C4C-B257-5D4B32B69E6A}.Ad-Hoc|x86.Deploy.0 = Release|Any CPU
		{872ABB71-8196-4C4C-B257-5D4B32B69E6A}.AppStore|Any CPU.ActiveCfg = Release|Any CPU
		{872ABB71-8196-4C4C-B257-5D4B32B69E6A}.AppStore|Any CPU.Build.0 = Release|Any CPU
		{872ABB71-8196-4C4C-B257-5D4B32B69E6A}.AppStore|Any CPU.Deploy.0 = Release|Any CPU
		{872ABB71-8196-4C4C-B257-5D4B32B69E6A}.AppStore|ARM.ActiveCfg = Release|Any CPU
		{872ABB71-8196-4C4C-B257-5D4B32B69E6A}.AppStore|ARM.Build.0 = Release|Any CPU
		{872ABB71-8196-4C4C-B257-5D4B32B69E6A}.AppStore|ARM.Deploy.0 = Release|Any CPU
		{872ABB71-8196-4C4C-B257-5D4B32B69E6A}.AppStore|iPhone.ActiveCfg = Release|Any CPU
		{872ABB71-8196-4C4C-B257-5D4B32B69E6A}.AppStore|iPhone.Build.0 = Release|Any CPU
		{872ABB71-8196-4C4C-B257-5D4B32B69E6A}.AppStore|iPhone.Deploy.0 = Release|Any CPU
		{872ABB71-8196-4C4C-B257-5D4B32B69E6A}.AppStore|iPhoneSimulator.ActiveCfg = Release|Any CPU
		{872ABB71-8196-4C4C-B257-5D4B32B69E6A}.AppStore|iPhoneSimulator.Build.0 = Release|Any CPU
		{872ABB71-8196-4C4C-B257-5D4B32B69E6A}.AppStore|iPhoneSimulator.Deploy.0 = Release|Any CPU
		{872ABB71-8196-4C4C-B257-5D4B32B69E6A}.AppStore|x64.ActiveCfg = Release|Any CPU
		{872ABB71-8196-4C4C-B257-5D4B32B69E6A}.AppStore|x64.Build.0 = Release|Any CPU
		{872ABB71-8196-4C4C-B257-5D4B32B69E6A}.AppStore|x64.Deploy.0 = Release|Any CPU
		{872ABB71-8196-4C4C-B257-5D4B32B69E6A}.AppStore|x86.ActiveCfg = Release|Any CPU
		{872ABB71-8196-4C4C-B257-5D4B32B69E6A}.AppStore|x86.Build.0 = Release|Any CPU
		{872ABB71-8196-4C4C-B257-5D4B32B69E6A}.AppStore|x86.Deploy.0 = Release|Any CPU
		{872ABB71-8196-4C4C-B257-5D4B32B69E6A}.Debug|Any CPU.ActiveCfg = Debug|Any CPU
		{872ABB71-8196-4C4C-B257-5D4B32B69E6A}.Debug|Any CPU.Build.0 = Debug|Any CPU
		{872ABB71-8196-4C4C-B257-5D4B32B69E6A}.Debug|Any CPU.Deploy.0 = Debug|Any CPU
		{872ABB71-8196-4C4C-B257-5D4B32B69E6A}.Debug|ARM.ActiveCfg = Debug|Any CPU
		{872ABB71-8196-4C4C-B257-5D4B32B69E6A}.Debug|ARM.Build.0 = Debug|Any CPU
		{872ABB71-8196-4C4C-B257-5D4B32B69E6A}.Debug|ARM.Deploy.0 = Debug|Any CPU
		{872ABB71-8196-4C4C-B257-5D4B32B69E6A}.Debug|iPhone.ActiveCfg = Debug|Any CPU
		{872ABB71-8196-4C4C-B257-5D4B32B69E6A}.Debug|iPhone.Build.0 = Debug|Any CPU
		{872ABB71-8196-4C4C-B257-5D4B32B69E6A}.Debug|iPhone.Deploy.0 = Debug|Any CPU
		{872ABB71-8196-4C4C-B257-5D4B32B69E6A}.Debug|iPhoneSimulator.ActiveCfg = Debug|Any CPU
		{872ABB71-8196-4C4C-B257-5D4B32B69E6A}.Debug|iPhoneSimulator.Build.0 = Debug|Any CPU
		{872ABB71-8196-4C4C-B257-5D4B32B69E6A}.Debug|iPhoneSimulator.Deploy.0 = Debug|Any CPU
		{872ABB71-8196-4C4C-B257-5D4B32B69E6A}.Debug|x64.ActiveCfg = Debug|Any CPU
		{872ABB71-8196-4C4C-B257-5D4B32B69E6A}.Debug|x64.Build.0 = Debug|Any CPU
		{872ABB71-8196-4C4C-B257-5D4B32B69E6A}.Debug|x64.Deploy.0 = Debug|Any CPU
		{872ABB71-8196-4C4C-B257-5D4B32B69E6A}.Debug|x86.ActiveCfg = Debug|Any CPU
		{872ABB71-8196-4C4C-B257-5D4B32B69E6A}.Debug|x86.Build.0 = Debug|Any CPU
		{872ABB71-8196-4C4C-B257-5D4B32B69E6A}.Debug|x86.Deploy.0 = Debug|Any CPU
		{872ABB71-8196-4C4C-B257-5D4B32B69E6A}.Release|Any CPU.ActiveCfg = Release|Any CPU
		{872ABB71-8196-4C4C-B257-5D4B32B69E6A}.Release|Any CPU.Build.0 = Release|Any CPU
		{872ABB71-8196-4C4C-B257-5D4B32B69E6A}.Release|Any CPU.Deploy.0 = Release|Any CPU
		{872ABB71-8196-4C4C-B257-5D4B32B69E6A}.Release|ARM.ActiveCfg = Release|Any CPU
		{872ABB71-8196-4C4C-B257-5D4B32B69E6A}.Release|ARM.Build.0 = Release|Any CPU
		{872ABB71-8196-4C4C-B257-5D4B32B69E6A}.Release|ARM.Deploy.0 = Release|Any CPU
		{872ABB71-8196-4C4C-B257-5D4B32B69E6A}.Release|iPhone.ActiveCfg = Release|Any CPU
		{872ABB71-8196-4C4C-B257-5D4B32B69E6A}.Release|iPhone.Build.0 = Release|Any CPU
		{872ABB71-8196-4C4C-B257-5D4B32B69E6A}.Release|iPhone.Deploy.0 = Release|Any CPU
		{872ABB71-8196-4C4C-B257-5D4B32B69E6A}.Release|iPhoneSimulator.ActiveCfg = Release|Any CPU
		{872ABB71-8196-4C4C-B257-5D4B32B69E6A}.Release|iPhoneSimulator.Build.0 = Release|Any CPU
		{872ABB71-8196-4C4C-B257-5D4B32B69E6A}.Release|iPhoneSimulator.Deploy.0 = Release|Any CPU
		{872ABB71-8196-4C4C-B257-5D4B32B69E6A}.Release|x64.ActiveCfg = Release|Any CPU
		{872ABB71-8196-4C4C-B257-5D4B32B69E6A}.Release|x64.Build.0 = Release|Any CPU
		{872ABB71-8196-4C4C-B257-5D4B32B69E6A}.Release|x64.Deploy.0 = Release|Any CPU
		{872ABB71-8196-4C4C-B257-5D4B32B69E6A}.Release|x86.ActiveCfg = Release|Any CPU
		{872ABB71-8196-4C4C-B257-5D4B32B69E6A}.Release|x86.Build.0 = Release|Any CPU
		{872ABB71-8196-4C4C-B257-5D4B32B69E6A}.Release|x86.Deploy.0 = Release|Any CPU
		{EED1630A-55AC-42F5-BC60-DBAEC998B016}.Ad-Hoc|Any CPU.ActiveCfg = Ad-Hoc|iPhone
		{EED1630A-55AC-42F5-BC60-DBAEC998B016}.Ad-Hoc|ARM.ActiveCfg = Ad-Hoc|iPhone
		{EED1630A-55AC-42F5-BC60-DBAEC998B016}.Ad-Hoc|iPhone.ActiveCfg = Ad-Hoc|iPhone
		{EED1630A-55AC-42F5-BC60-DBAEC998B016}.Ad-Hoc|iPhone.Build.0 = Ad-Hoc|iPhone
		{EED1630A-55AC-42F5-BC60-DBAEC998B016}.Ad-Hoc|iPhoneSimulator.ActiveCfg = Ad-Hoc|iPhoneSimulator
		{EED1630A-55AC-42F5-BC60-DBAEC998B016}.Ad-Hoc|iPhoneSimulator.Build.0 = Ad-Hoc|iPhoneSimulator
		{EED1630A-55AC-42F5-BC60-DBAEC998B016}.Ad-Hoc|x64.ActiveCfg = Ad-Hoc|iPhone
		{EED1630A-55AC-42F5-BC60-DBAEC998B016}.Ad-Hoc|x86.ActiveCfg = Ad-Hoc|iPhone
		{EED1630A-55AC-42F5-BC60-DBAEC998B016}.AppStore|Any CPU.ActiveCfg = AppStore|iPhone
		{EED1630A-55AC-42F5-BC60-DBAEC998B016}.AppStore|ARM.ActiveCfg = AppStore|iPhone
		{EED1630A-55AC-42F5-BC60-DBAEC998B016}.AppStore|iPhone.ActiveCfg = AppStore|iPhone
		{EED1630A-55AC-42F5-BC60-DBAEC998B016}.AppStore|iPhone.Build.0 = AppStore|iPhone
		{EED1630A-55AC-42F5-BC60-DBAEC998B016}.AppStore|iPhoneSimulator.ActiveCfg = AppStore|iPhoneSimulator
		{EED1630A-55AC-42F5-BC60-DBAEC998B016}.AppStore|iPhoneSimulator.Build.0 = AppStore|iPhoneSimulator
		{EED1630A-55AC-42F5-BC60-DBAEC998B016}.AppStore|x64.ActiveCfg = AppStore|iPhone
		{EED1630A-55AC-42F5-BC60-DBAEC998B016}.AppStore|x86.ActiveCfg = AppStore|iPhone
		{EED1630A-55AC-42F5-BC60-DBAEC998B016}.Debug|Any CPU.ActiveCfg = Debug|iPhone
		{EED1630A-55AC-42F5-BC60-DBAEC998B016}.Debug|ARM.ActiveCfg = Debug|iPhone
		{EED1630A-55AC-42F5-BC60-DBAEC998B016}.Debug|iPhone.ActiveCfg = Debug|iPhone
		{EED1630A-55AC-42F5-BC60-DBAEC998B016}.Debug|iPhone.Build.0 = Debug|iPhone
		{EED1630A-55AC-42F5-BC60-DBAEC998B016}.Debug|iPhoneSimulator.ActiveCfg = Debug|iPhoneSimulator
		{EED1630A-55AC-42F5-BC60-DBAEC998B016}.Debug|iPhoneSimulator.Build.0 = Debug|iPhoneSimulator
		{EED1630A-55AC-42F5-BC60-DBAEC998B016}.Debug|x64.ActiveCfg = Debug|iPhone
		{EED1630A-55AC-42F5-BC60-DBAEC998B016}.Debug|x86.ActiveCfg = Debug|iPhone
		{EED1630A-55AC-42F5-BC60-DBAEC998B016}.Release|Any CPU.ActiveCfg = Release|iPhone
		{EED1630A-55AC-42F5-BC60-DBAEC998B016}.Release|ARM.ActiveCfg = Release|iPhone
		{EED1630A-55AC-42F5-BC60-DBAEC998B016}.Release|iPhone.ActiveCfg = Release|iPhone
		{EED1630A-55AC-42F5-BC60-DBAEC998B016}.Release|iPhone.Build.0 = Release|iPhone
		{EED1630A-55AC-42F5-BC60-DBAEC998B016}.Release|iPhoneSimulator.ActiveCfg = Release|iPhoneSimulator
		{EED1630A-55AC-42F5-BC60-DBAEC998B016}.Release|iPhoneSimulator.Build.0 = Release|iPhoneSimulator
		{EED1630A-55AC-42F5-BC60-DBAEC998B016}.Release|x64.ActiveCfg = Release|iPhone
		{EED1630A-55AC-42F5-BC60-DBAEC998B016}.Release|x86.ActiveCfg = Release|iPhone
		{9A67D14C-0508-4A78-A646-63C85D8CB481}.Ad-Hoc|Any CPU.ActiveCfg = Release|Any CPU
		{9A67D14C-0508-4A78-A646-63C85D8CB481}.Ad-Hoc|Any CPU.Build.0 = Release|Any CPU
		{9A67D14C-0508-4A78-A646-63C85D8CB481}.Ad-Hoc|Any CPU.Deploy.0 = Release|Any CPU
		{9A67D14C-0508-4A78-A646-63C85D8CB481}.Ad-Hoc|ARM.ActiveCfg = Release|ARM
		{9A67D14C-0508-4A78-A646-63C85D8CB481}.Ad-Hoc|ARM.Build.0 = Release|ARM
		{9A67D14C-0508-4A78-A646-63C85D8CB481}.Ad-Hoc|ARM.Deploy.0 = Release|ARM
		{9A67D14C-0508-4A78-A646-63C85D8CB481}.Ad-Hoc|iPhone.ActiveCfg = Release|Any CPU
		{9A67D14C-0508-4A78-A646-63C85D8CB481}.Ad-Hoc|iPhone.Build.0 = Release|Any CPU
		{9A67D14C-0508-4A78-A646-63C85D8CB481}.Ad-Hoc|iPhone.Deploy.0 = Release|Any CPU
		{9A67D14C-0508-4A78-A646-63C85D8CB481}.Ad-Hoc|iPhoneSimulator.ActiveCfg = Release|Any CPU
		{9A67D14C-0508-4A78-A646-63C85D8CB481}.Ad-Hoc|iPhoneSimulator.Build.0 = Release|Any CPU
		{9A67D14C-0508-4A78-A646-63C85D8CB481}.Ad-Hoc|iPhoneSimulator.Deploy.0 = Release|Any CPU
		{9A67D14C-0508-4A78-A646-63C85D8CB481}.Ad-Hoc|x64.ActiveCfg = Release|Any CPU
		{9A67D14C-0508-4A78-A646-63C85D8CB481}.Ad-Hoc|x64.Build.0 = Release|Any CPU
		{9A67D14C-0508-4A78-A646-63C85D8CB481}.Ad-Hoc|x64.Deploy.0 = Release|Any CPU
		{9A67D14C-0508-4A78-A646-63C85D8CB481}.Ad-Hoc|x86.ActiveCfg = Release|x86
		{9A67D14C-0508-4A78-A646-63C85D8CB481}.Ad-Hoc|x86.Build.0 = Release|x86
		{9A67D14C-0508-4A78-A646-63C85D8CB481}.Ad-Hoc|x86.Deploy.0 = Release|x86
		{9A67D14C-0508-4A78-A646-63C85D8CB481}.AppStore|Any CPU.ActiveCfg = Release|Any CPU
		{9A67D14C-0508-4A78-A646-63C85D8CB481}.AppStore|Any CPU.Build.0 = Release|Any CPU
		{9A67D14C-0508-4A78-A646-63C85D8CB481}.AppStore|Any CPU.Deploy.0 = Release|Any CPU
		{9A67D14C-0508-4A78-A646-63C85D8CB481}.AppStore|ARM.ActiveCfg = Release|ARM
		{9A67D14C-0508-4A78-A646-63C85D8CB481}.AppStore|ARM.Build.0 = Release|ARM
		{9A67D14C-0508-4A78-A646-63C85D8CB481}.AppStore|ARM.Deploy.0 = Release|ARM
		{9A67D14C-0508-4A78-A646-63C85D8CB481}.AppStore|iPhone.ActiveCfg = Release|Any CPU
		{9A67D14C-0508-4A78-A646-63C85D8CB481}.AppStore|iPhone.Build.0 = Release|Any CPU
		{9A67D14C-0508-4A78-A646-63C85D8CB481}.AppStore|iPhone.Deploy.0 = Release|Any CPU
		{9A67D14C-0508-4A78-A646-63C85D8CB481}.AppStore|iPhoneSimulator.ActiveCfg = Release|Any CPU
		{9A67D14C-0508-4A78-A646-63C85D8CB481}.AppStore|iPhoneSimulator.Build.0 = Release|Any CPU
		{9A67D14C-0508-4A78-A646-63C85D8CB481}.AppStore|iPhoneSimulator.Deploy.0 = Release|Any CPU
		{9A67D14C-0508-4A78-A646-63C85D8CB481}.AppStore|x64.ActiveCfg = Release|Any CPU
		{9A67D14C-0508-4A78-A646-63C85D8CB481}.AppStore|x64.Build.0 = Release|Any CPU
		{9A67D14C-0508-4A78-A646-63C85D8CB481}.AppStore|x64.Deploy.0 = Release|Any CPU
		{9A67D14C-0508-4A78-A646-63C85D8CB481}.AppStore|x86.ActiveCfg = Release|x86
		{9A67D14C-0508-4A78-A646-63C85D8CB481}.AppStore|x86.Build.0 = Release|x86
		{9A67D14C-0508-4A78-A646-63C85D8CB481}.AppStore|x86.Deploy.0 = Release|x86
		{9A67D14C-0508-4A78-A646-63C85D8CB481}.Debug|Any CPU.ActiveCfg = Debug|Any CPU
		{9A67D14C-0508-4A78-A646-63C85D8CB481}.Debug|Any CPU.Build.0 = Debug|Any CPU
		{9A67D14C-0508-4A78-A646-63C85D8CB481}.Debug|Any CPU.Deploy.0 = Debug|Any CPU
		{9A67D14C-0508-4A78-A646-63C85D8CB481}.Debug|ARM.ActiveCfg = Debug|ARM
		{9A67D14C-0508-4A78-A646-63C85D8CB481}.Debug|ARM.Build.0 = Debug|ARM
		{9A67D14C-0508-4A78-A646-63C85D8CB481}.Debug|ARM.Deploy.0 = Debug|ARM
		{9A67D14C-0508-4A78-A646-63C85D8CB481}.Debug|iPhone.ActiveCfg = Debug|Any CPU
		{9A67D14C-0508-4A78-A646-63C85D8CB481}.Debug|iPhone.Build.0 = Debug|Any CPU
		{9A67D14C-0508-4A78-A646-63C85D8CB481}.Debug|iPhone.Deploy.0 = Debug|Any CPU
		{9A67D14C-0508-4A78-A646-63C85D8CB481}.Debug|iPhoneSimulator.ActiveCfg = Debug|Any CPU
		{9A67D14C-0508-4A78-A646-63C85D8CB481}.Debug|iPhoneSimulator.Build.0 = Debug|Any CPU
		{9A67D14C-0508-4A78-A646-63C85D8CB481}.Debug|iPhoneSimulator.Deploy.0 = Debug|Any CPU
		{9A67D14C-0508-4A78-A646-63C85D8CB481}.Debug|x64.ActiveCfg = Debug|Any CPU
		{9A67D14C-0508-4A78-A646-63C85D8CB481}.Debug|x64.Build.0 = Debug|Any CPU
		{9A67D14C-0508-4A78-A646-63C85D8CB481}.Debug|x64.Deploy.0 = Debug|Any CPU
		{9A67D14C-0508-4A78-A646-63C85D8CB481}.Debug|x86.ActiveCfg = Debug|x86
		{9A67D14C-0508-4A78-A646-63C85D8CB481}.Debug|x86.Build.0 = Debug|x86
		{9A67D14C-0508-4A78-A646-63C85D8CB481}.Debug|x86.Deploy.0 = Debug|x86
		{9A67D14C-0508-4A78-A646-63C85D8CB481}.Release|Any CPU.ActiveCfg = Release|Any CPU
		{9A67D14C-0508-4A78-A646-63C85D8CB481}.Release|Any CPU.Build.0 = Release|Any CPU
		{9A67D14C-0508-4A78-A646-63C85D8CB481}.Release|Any CPU.Deploy.0 = Release|Any CPU
		{9A67D14C-0508-4A78-A646-63C85D8CB481}.Release|ARM.ActiveCfg = Release|ARM
		{9A67D14C-0508-4A78-A646-63C85D8CB481}.Release|ARM.Build.0 = Release|ARM
		{9A67D14C-0508-4A78-A646-63C85D8CB481}.Release|ARM.Deploy.0 = Release|ARM
		{9A67D14C-0508-4A78-A646-63C85D8CB481}.Release|iPhone.ActiveCfg = Release|Any CPU
		{9A67D14C-0508-4A78-A646-63C85D8CB481}.Release|iPhone.Build.0 = Release|Any CPU
		{9A67D14C-0508-4A78-A646-63C85D8CB481}.Release|iPhone.Deploy.0 = Release|Any CPU
		{9A67D14C-0508-4A78-A646-63C85D8CB481}.Release|iPhoneSimulator.ActiveCfg = Release|Any CPU
		{9A67D14C-0508-4A78-A646-63C85D8CB481}.Release|iPhoneSimulator.Build.0 = Release|Any CPU
		{9A67D14C-0508-4A78-A646-63C85D8CB481}.Release|iPhoneSimulator.Deploy.0 = Release|Any CPU
		{9A67D14C-0508-4A78-A646-63C85D8CB481}.Release|x64.ActiveCfg = Release|Any CPU
		{9A67D14C-0508-4A78-A646-63C85D8CB481}.Release|x64.Build.0 = Release|Any CPU
		{9A67D14C-0508-4A78-A646-63C85D8CB481}.Release|x64.Deploy.0 = Release|Any CPU
		{9A67D14C-0508-4A78-A646-63C85D8CB481}.Release|x86.ActiveCfg = Release|x86
		{9A67D14C-0508-4A78-A646-63C85D8CB481}.Release|x86.Build.0 = Release|x86
		{9A67D14C-0508-4A78-A646-63C85D8CB481}.Release|x86.Deploy.0 = Release|x86
		{ADB92856-7C8B-4A11-AA48-A7F78752D417}.Ad-Hoc|Any CPU.ActiveCfg = Release|Any CPU
		{ADB92856-7C8B-4A11-AA48-A7F78752D417}.Ad-Hoc|Any CPU.Build.0 = Release|Any CPU
		{ADB92856-7C8B-4A11-AA48-A7F78752D417}.Ad-Hoc|ARM.ActiveCfg = Release|Any CPU
		{ADB92856-7C8B-4A11-AA48-A7F78752D417}.Ad-Hoc|ARM.Build.0 = Release|Any CPU
		{ADB92856-7C8B-4A11-AA48-A7F78752D417}.Ad-Hoc|iPhone.ActiveCfg = Release|Any CPU
		{ADB92856-7C8B-4A11-AA48-A7F78752D417}.Ad-Hoc|iPhone.Build.0 = Release|Any CPU
		{ADB92856-7C8B-4A11-AA48-A7F78752D417}.Ad-Hoc|iPhoneSimulator.ActiveCfg = Release|Any CPU
		{ADB92856-7C8B-4A11-AA48-A7F78752D417}.Ad-Hoc|iPhoneSimulator.Build.0 = Release|Any CPU
		{ADB92856-7C8B-4A11-AA48-A7F78752D417}.Ad-Hoc|x64.ActiveCfg = Release|Any CPU
		{ADB92856-7C8B-4A11-AA48-A7F78752D417}.Ad-Hoc|x64.Build.0 = Release|Any CPU
		{ADB92856-7C8B-4A11-AA48-A7F78752D417}.Ad-Hoc|x86.ActiveCfg = Release|Any CPU
		{ADB92856-7C8B-4A11-AA48-A7F78752D417}.Ad-Hoc|x86.Build.0 = Release|Any CPU
		{ADB92856-7C8B-4A11-AA48-A7F78752D417}.AppStore|Any CPU.ActiveCfg = Release|Any CPU
		{ADB92856-7C8B-4A11-AA48-A7F78752D417}.AppStore|Any CPU.Build.0 = Release|Any CPU
		{ADB92856-7C8B-4A11-AA48-A7F78752D417}.AppStore|ARM.ActiveCfg = Release|Any CPU
		{ADB92856-7C8B-4A11-AA48-A7F78752D417}.AppStore|ARM.Build.0 = Release|Any CPU
		{ADB92856-7C8B-4A11-AA48-A7F78752D417}.AppStore|iPhone.ActiveCfg = Release|Any CPU
		{ADB92856-7C8B-4A11-AA48-A7F78752D417}.AppStore|iPhone.Build.0 = Release|Any CPU
		{ADB92856-7C8B-4A11-AA48-A7F78752D417}.AppStore|iPhoneSimulator.ActiveCfg = Release|Any CPU
		{ADB92856-7C8B-4A11-AA48-A7F78752D417}.AppStore|iPhoneSimulator.Build.0 = Release|Any CPU
		{ADB92856-7C8B-4A11-AA48-A7F78752D417}.AppStore|x64.ActiveCfg = Release|Any CPU
		{ADB92856-7C8B-4A11-AA48-A7F78752D417}.AppStore|x64.Build.0 = Release|Any CPU
		{ADB92856-7C8B-4A11-AA48-A7F78752D417}.AppStore|x86.ActiveCfg = Release|Any CPU
		{ADB92856-7C8B-4A11-AA48-A7F78752D417}.AppStore|x86.Build.0 = Release|Any CPU
		{ADB92856-7C8B-4A11-AA48-A7F78752D417}.Debug|Any CPU.ActiveCfg = Debug|Any CPU
		{ADB92856-7C8B-4A11-AA48-A7F78752D417}.Debug|Any CPU.Build.0 = Debug|Any CPU
		{ADB92856-7C8B-4A11-AA48-A7F78752D417}.Debug|ARM.ActiveCfg = Debug|Any CPU
		{ADB92856-7C8B-4A11-AA48-A7F78752D417}.Debug|ARM.Build.0 = Debug|Any CPU
		{ADB92856-7C8B-4A11-AA48-A7F78752D417}.Debug|iPhone.ActiveCfg = Debug|Any CPU
		{ADB92856-7C8B-4A11-AA48-A7F78752D417}.Debug|iPhone.Build.0 = Debug|Any CPU
		{ADB92856-7C8B-4A11-AA48-A7F78752D417}.Debug|iPhoneSimulator.ActiveCfg = Debug|Any CPU
		{ADB92856-7C8B-4A11-AA48-A7F78752D417}.Debug|iPhoneSimulator.Build.0 = Debug|Any CPU
		{ADB92856-7C8B-4A11-AA48-A7F78752D417}.Debug|x64.ActiveCfg = Debug|Any CPU
		{ADB92856-7C8B-4A11-AA48-A7F78752D417}.Debug|x64.Build.0 = Debug|Any CPU
		{ADB92856-7C8B-4A11-AA48-A7F78752D417}.Debug|x86.ActiveCfg = Debug|Any CPU
		{ADB92856-7C8B-4A11-AA48-A7F78752D417}.Debug|x86.Build.0 = Debug|Any CPU
		{ADB92856-7C8B-4A11-AA48-A7F78752D417}.Release|Any CPU.ActiveCfg = Release|Any CPU
		{ADB92856-7C8B-4A11-AA48-A7F78752D417}.Release|Any CPU.Build.0 = Release|Any CPU
		{ADB92856-7C8B-4A11-AA48-A7F78752D417}.Release|ARM.ActiveCfg = Release|Any CPU
		{ADB92856-7C8B-4A11-AA48-A7F78752D417}.Release|ARM.Build.0 = Release|Any CPU
		{ADB92856-7C8B-4A11-AA48-A7F78752D417}.Release|iPhone.ActiveCfg = Release|Any CPU
		{ADB92856-7C8B-4A11-AA48-A7F78752D417}.Release|iPhone.Build.0 = Release|Any CPU
		{ADB92856-7C8B-4A11-AA48-A7F78752D417}.Release|iPhoneSimulator.ActiveCfg = Release|Any CPU
		{ADB92856-7C8B-4A11-AA48-A7F78752D417}.Release|iPhoneSimulator.Build.0 = Release|Any CPU
		{ADB92856-7C8B-4A11-AA48-A7F78752D417}.Release|x64.ActiveCfg = Release|Any CPU
		{ADB92856-7C8B-4A11-AA48-A7F78752D417}.Release|x64.Build.0 = Release|Any CPU
		{ADB92856-7C8B-4A11-AA48-A7F78752D417}.Release|x86.ActiveCfg = Release|Any CPU
		{ADB92856-7C8B-4A11-AA48-A7F78752D417}.Release|x86.Build.0 = Release|Any CPU
	EndGlobalSection
	GlobalSection(SolutionProperties) = preSolution
		HideSolutionNode = FALSE
	EndGlobalSection
EndGlobal
